
Microsoft Visual Studio Solution File, Format Version 12.00
# Visual Studio Version 16
VisualStudioVersion = 16.0.30309.148
MinimumVisualStudioVersion = 10.0.40219.1
Project("{FAE04EC0-301F-11D3-BF4B-00C04F79EFBC}") = "RabbitMQPublisher", "RabbitMQPublisher\RabbitMQPublisher.csproj", "{8A5F9E3C-834A-4BAB-8D05-FA593C36C375}"
EndProject
Project("{FAE04EC0-301F-11D3-BF4B-00C04F79EFBC}") = "RabbitMQConsumer", "RabbitMQConsumer\RabbitMQConsumer.csproj", "{0FF323EE-5673-4FB0-A7A2-BED0B0A7AA4A}"
EndProject
Global
	GlobalSection(SolutionConfigurationPlatforms) = preSolution
		Debug|Any CPU = Debug|Any CPU
		Release|Any CPU = Release|Any CPU
	EndGlobalSection
	GlobalSection(ProjectConfigurationPlatforms) = postSolution
		{8A5F9E3C-834A-4BAB-8D05-FA593C36C375}.Debug|Any CPU.ActiveCfg = Debug|Any CPU
		{8A5F9E3C-834A-4BAB-8D05-FA593C36C375}.Debug|Any CPU.Build.0 = Debug|Any CPU
		{8A5F9E3C-834A-4BAB-8D05-FA593C36C375}.Release|Any CPU.ActiveCfg = Release|Any CPU
		{8A5F9E3C-834A-4BAB-8D05-FA593C36C375}.Release|Any CPU.Build.0 = Release|Any CPU
		{0FF323EE-5673-4FB0-A7A2-BED0B0A7AA4A}.Debug|Any CPU.ActiveCfg = Debug|Any CPU
		{0FF323EE-5673-4FB0-A7A2-BED0B0A7AA4A}.Debug|Any CPU.Build.0 = Debug|Any CPU
		{0FF323EE-5673-4FB0-A7A2-BED0B0A7AA4A}.Release|Any CPU.ActiveCfg = Release|Any CPU
		{0FF323EE-5673-4FB0-A7A2-BED0B0A7AA4A}.Release|Any CPU.Build.0 = Release|Any CPU
	EndGlobalSection
	GlobalSection(SolutionProperties) = preSolution
		HideSolutionNode = FALSE
	EndGlobalSection
	GlobalSection(ExtensibilityGlobals) = postSolution
		SolutionGuid = {11D1E128-C2B9-452F-A0E2-05999AFFB808}
	EndGlobalSection
EndGlobal
